
Microsoft Visual Studio Solution File, Format Version 12.00
# Visual Studio Version 17
VisualStudioVersion = 17.0.31919.166
MinimumVisualStudioVersion = 10.0.40219.1
Project("{9A19103F-16F7-4668-BE54-9A1E7A4F7556}") = "Nova", "Nova\Nova.csproj", "{3F3C4838-4D46-4C59-8C7D-0E02684EB265}"
EndProject
Project("{9A19103F-16F7-4668-BE54-9A1E7A4F7556}") = "nv", "nv\nv.csproj", "{7DCC18DC-4B76-4FC4-8662-7A95926A2DF9}"
EndProject
Project("{FAE04EC0-301F-11D3-BF4B-00C04F79EFBC}") = "Nova.Tests", "Nova.Tests\Nova.Tests.csproj", "{1CBC5EBF-ED0C-435B-9222-D914C3B31D1E}"
EndProject
Global
	GlobalSection(SolutionConfigurationPlatforms) = preSolution
		Debug|Any CPU = Debug|Any CPU
		Release|Any CPU = Release|Any CPU
	EndGlobalSection
	GlobalSection(ProjectConfigurationPlatforms) = postSolution
		{3F3C4838-4D46-4C59-8C7D-0E02684EB265}.Debug|Any CPU.ActiveCfg = Debug|Any CPU
		{3F3C4838-4D46-4C59-8C7D-0E02684EB265}.Debug|Any CPU.Build.0 = Debug|Any CPU
		{3F3C4838-4D46-4C59-8C7D-0E02684EB265}.Release|Any CPU.ActiveCfg = Release|Any CPU
		{3F3C4838-4D46-4C59-8C7D-0E02684EB265}.Release|Any CPU.Build.0 = Release|Any CPU
		{7DCC18DC-4B76-4FC4-8662-7A95926A2DF9}.Debug|Any CPU.ActiveCfg = Debug|Any CPU
		{7DCC18DC-4B76-4FC4-8662-7A95926A2DF9}.Debug|Any CPU.Build.0 = Debug|Any CPU
		{7DCC18DC-4B76-4FC4-8662-7A95926A2DF9}.Release|Any CPU.ActiveCfg = Release|Any CPU
		{7DCC18DC-4B76-4FC4-8662-7A95926A2DF9}.Release|Any CPU.Build.0 = Release|Any CPU
		{1CBC5EBF-ED0C-435B-9222-D914C3B31D1E}.Debug|Any CPU.ActiveCfg = Debug|Any CPU
		{1CBC5EBF-ED0C-435B-9222-D914C3B31D1E}.Debug|Any CPU.Build.0 = Debug|Any CPU
		{1CBC5EBF-ED0C-435B-9222-D914C3B31D1E}.Release|Any CPU.ActiveCfg = Release|Any CPU
		{1CBC5EBF-ED0C-435B-9222-D914C3B31D1E}.Release|Any CPU.Build.0 = Release|Any CPU
	EndGlobalSection
	GlobalSection(SolutionProperties) = preSolution
		HideSolutionNode = FALSE
	EndGlobalSection
	GlobalSection(ExtensibilityGlobals) = postSolution
		SolutionGuid = {BD575531-6AF6-4E82-AABB-DE5DCB1E25F7}
	EndGlobalSection
EndGlobal
